
Microsoft Visual Studio Solution File, Format Version 12.00
# Visual Studio Version 18
VisualStudioVersion = 18.1.11312.151 d18.0
MinimumVisualStudioVersion = 10.0.40219.1
Project("{FAE04EC0-301F-11D3-BF4B-00C04F79EFBC}") = "Movies.Api", "Movies.Api\Movies.Api.csproj", "{55708501-A446-4AE2-A012-7CC68558A644}"
EndProject
Project("{FAE04EC0-301F-11D3-BF4B-00C04F79EFBC}") = "Movies.Application", "Movies.Application\Movies.Application.csproj", "{0FCB710E-BAFF-4FD6-8F09-C8158E4F520D}"
EndProject
Project("{FAE04EC0-301F-11D3-BF4B-00C04F79EFBC}") = "Movies.Contracts", "Movies.Contracts\Movies.Contracts.csproj", "{AF15C17B-EE1C-4C03-A1A9-75FBC783527F}"
EndProject
Project("{2150E333-8FDC-42A3-9474-1A3956D46DE8}") = "Helpers", "Helpers", "{83F889F9-2FFE-47C3-A1AB-19DA3BBACD24}"
EndProject
Project("{FAE04EC0-301F-11D3-BF4B-00C04F79EFBC}") = "Identity.Api", "Identity.Api\Identity.Api.csproj", "{9AEB985D-8264-4CFB-941B-16EB7C07D8EF}"
EndProject
Global
	GlobalSection(SolutionConfigurationPlatforms) = preSolution
		Debug|Any CPU = Debug|Any CPU
		Release|Any CPU = Release|Any CPU
	EndGlobalSection
	GlobalSection(ProjectConfigurationPlatforms) = postSolution
		{55708501-A446-4AE2-A012-7CC68558A644}.Debug|Any CPU.ActiveCfg = Debug|Any CPU
		{55708501-A446-4AE2-A012-7CC68558A644}.Debug|Any CPU.Build.0 = Debug|Any CPU
		{55708501-A446-4AE2-A012-7CC68558A644}.Release|Any CPU.ActiveCfg = Release|Any CPU
		{55708501-A446-4AE2-A012-7CC68558A644}.Release|Any CPU.Build.0 = Release|Any CPU
		{0FCB710E-BAFF-4FD6-8F09-C8158E4F520D}.Debug|Any CPU.ActiveCfg = Debug|Any CPU
		{0FCB710E-BAFF-4FD6-8F09-C8158E4F520D}.Debug|Any CPU.Build.0 = Debug|Any CPU
		{0FCB710E-BAFF-4FD6-8F09-C8158E4F520D}.Release|Any CPU.ActiveCfg = Release|Any CPU
		{0FCB710E-BAFF-4FD6-8F09-C8158E4F520D}.Release|Any CPU.Build.0 = Release|Any CPU
		{AF15C17B-EE1C-4C03-A1A9-75FBC783527F}.Debug|Any CPU.ActiveCfg = Debug|Any CPU
		{AF15C17B-EE1C-4C03-A1A9-75FBC783527F}.Debug|Any CPU.Build.0 = Debug|Any CPU
		{AF15C17B-EE1C-4C03-A1A9-75FBC783527F}.Release|Any CPU.ActiveCfg = Release|Any CPU
		{AF15C17B-EE1C-4C03-A1A9-75FBC783527F}.Release|Any CPU.Build.0 = Release|Any CPU
		{9AEB985D-8264-4CFB-941B-16EB7C07D8EF}.Debug|Any CPU.ActiveCfg = Debug|Any CPU
		{9AEB985D-8264-4CFB-941B-16EB7C07D8EF}.Debug|Any CPU.Build.0 = Debug|Any CPU
		{9AEB985D-8264-4CFB-941B-16EB7C07D8EF}.Release|Any CPU.ActiveCfg = Release|Any CPU
		{9AEB985D-8264-4CFB-941B-16EB7C07D8EF}.Release|Any CPU.Build.0 = Release|Any CPU
	EndGlobalSection
	GlobalSection(SolutionProperties) = preSolution
		HideSolutionNode = FALSE
	EndGlobalSection
	GlobalSection(NestedProjects) = preSolution
		{9AEB985D-8264-4CFB-941B-16EB7C07D8EF} = {83F889F9-2FFE-47C3-A1AB-19DA3BBACD24}
	EndGlobalSection
	GlobalSection(ExtensibilityGlobals) = postSolution
		SolutionGuid = {A4550B44-89B3-4B94-B32B-1AB1C6118670}
	EndGlobalSection
EndGlobal
